PODS:
  - MockingbirdFramework (0.20.0)

DEPENDENCIES:
  - MockingbirdFramework (~> 0.20)

SPEC REPOS:
  trunk:
    - MockingbirdFramework

SPEC CHECKSUMS:
  MockingbirdFramework: 54e35fbbb47b806c1a1fae2cf3ef99f6eceb55e5

PODFILE CHECKSUM: 6e7f6ea285a84e0c03c27917ab1f75d1d482ba9a

COCOAPODS: 1.10.1
